
Microsoft Visual Studio Solution File, Format Version 12.00
# Visual Studio Version 17
VisualStudioVersion = 17.0.31903.59
MinimumVisualStudioVersion = 10.0.40219.1
Project("{FAE04EC0-301F-11D3-BF4B-00C04F79EFBC}") = "LoanTrack.API", "LoanTrack.API\LoanTrack.API.csproj", "{23C13536-7D5B-4B6B-B981-F2992200A761}"
EndProject
Project("{FAE04EC0-301F-11D3-BF4B-00C04F79EFBC}") = "LoanTrack.Core", "LoanTrack.Core\LoanTrack.Core.csproj", "{93EAF1F5-0092-4A9F-98AB-3C37BB39DB49}"
EndProject
Project("{FAE04EC0-301F-11D3-BF4B-00C04F79EFBC}") = "LoanTrack.Infrastructure", "LoanTrack.Infrastructure\LoanTrack.Infrastructure.csproj", "{8651A75F-EF18-424E-A78D-F6180E450034}"
EndProject
Global
	GlobalSection(SolutionConfigurationPlatforms) = preSolution
		Debug|Any CPU = Debug|Any CPU
		Debug|x64 = Debug|x64
		Debug|x86 = Debug|x86
		Release|Any CPU = Release|Any CPU
		Release|x64 = Release|x64
		Release|x86 = Release|x86
	EndGlobalSection
	GlobalSection(ProjectConfigurationPlatforms) = postSolution
		{23C13536-7D5B-4B6B-B981-F2992200A761}.Debug|Any CPU.ActiveCfg = Debug|Any CPU
		{23C13536-7D5B-4B6B-B981-F2992200A761}.Debug|Any CPU.Build.0 = Debug|Any CPU
		{23C13536-7D5B-4B6B-B981-F2992200A761}.Debug|x64.ActiveCfg = Debug|Any CPU
		{23C13536-7D5B-4B6B-B981-F2992200A761}.Debug|x64.Build.0 = Debug|Any CPU
		{23C13536-7D5B-4B6B-B981-F2992200A761}.Debug|x86.ActiveCfg = Debug|Any CPU
		{23C13536-7D5B-4B6B-B981-F2992200A761}.Debug|x86.Build.0 = Debug|Any CPU
		{23C13536-7D5B-4B6B-B981-F2992200A761}.Release|Any CPU.ActiveCfg = Release|Any CPU
		{23C13536-7D5B-4B6B-B981-F2992200A761}.Release|Any CPU.Build.0 = Release|Any CPU
		{23C13536-7D5B-4B6B-B981-F2992200A761}.Release|x64.ActiveCfg = Release|Any CPU
		{23C13536-7D5B-4B6B-B981-F2992200A761}.Release|x64.Build.0 = Release|Any CPU
		{23C13536-7D5B-4B6B-B981-F2992200A761}.Release|x86.ActiveCfg = Release|Any CPU
		{23C13536-7D5B-4B6B-B981-F2992200A761}.Release|x86.Build.0 = Release|Any CPU
		{93EAF1F5-0092-4A9F-98AB-3C37BB39DB49}.Debug|Any CPU.ActiveCfg = Debug|Any CPU
		{93EAF1F5-0092-4A9F-98AB-3C37BB39DB49}.Debug|Any CPU.Build.0 = Debug|Any CPU
		{93EAF1F5-0092-4A9F-98AB-3C37BB39DB49}.Debug|x64.ActiveCfg = Debug|Any CPU
		{93EAF1F5-0092-4A9F-98AB-3C37BB39DB49}.Debug|x64.Build.0 = Debug|Any CPU
		{93EAF1F5-0092-4A9F-98AB-3C37BB39DB49}.Debug|x86.ActiveCfg = Debug|Any CPU
		{93EAF1F5-0092-4A9F-98AB-3C37BB39DB49}.Debug|x86.Build.0 = Debug|Any CPU
		{93EAF1F5-0092-4A9F-98AB-3C37BB39DB49}.Release|Any CPU.ActiveCfg = Release|Any CPU
		{93EAF1F5-0092-4A9F-98AB-3C37BB39DB49}.Release|Any CPU.Build.0 = Release|Any CPU
		{93EAF1F5-0092-4A9F-98AB-3C37BB39DB49}.Release|x64.ActiveCfg = Release|Any CPU
		{93EAF1F5-0092-4A9F-98AB-3C37BB39DB49}.Release|x64.Build.0 = Release|Any CPU
		{93EAF1F5-0092-4A9F-98AB-3C37BB39DB49}.Release|x86.ActiveCfg = Release|Any CPU
		{93EAF1F5-0092-4A9F-98AB-3C37BB39DB49}.Release|x86.Build.0 = Release|Any CPU
		{8651A75F-EF18-424E-A78D-F6180E450034}.Debug|Any CPU.ActiveCfg = Debug|Any CPU
		{8651A75F-EF18-424E-A78D-F6180E450034}.Debug|Any CPU.Build.0 = Debug|Any CPU
		{8651A75F-EF18-424E-A78D-F6180E450034}.Debug|x64.ActiveCfg = Debug|Any CPU
		{8651A75F-EF18-424E-A78D-F6180E450034}.Debug|x64.Build.0 = Debug|Any CPU
		{8651A75F-EF18-424E-A78D-F6180E450034}.Debug|x86.ActiveCfg = Debug|Any CPU
		{8651A75F-EF18-424E-A78D-F6180E450034}.Debug|x86.Build.0 = Debug|Any CPU
		{8651A75F-EF18-424E-A78D-F6180E450034}.Release|Any CPU.ActiveCfg = Release|Any CPU
		{8651A75F-EF18-424E-A78D-F6180E450034}.Release|Any CPU.Build.0 = Release|Any CPU
		{8651A75F-EF18-424E-A78D-F6180E450034}.Release|x64.ActiveCfg = Release|Any CPU
		{8651A75F-EF18-424E-A78D-F6180E450034}.Release|x64.Build.0 = Release|Any CPU
		{8651A75F-EF18-424E-A78D-F6180E450034}.Release|x86.ActiveCfg = Release|Any CPU
		{8651A75F-EF18-424E-A78D-F6180E450034}.Release|x86.Build.0 = Release|Any CPU
	EndGlobalSection
	GlobalSection(SolutionProperties) = preSolution
		HideSolutionNode = FALSE
	EndGlobalSection
EndGlobal
